
Microsoft Visual Studio Solution File, Format Version 12.00
# Visual Studio Version 17
VisualStudioVersion = 17.14.36212.18 d17.14
MinimumVisualStudioVersion = 10.0.40219.1
Project("{FAE04EC0-301F-11D3-BF4B-00C04F79EFBC}") = "Save Scummer", "Save Scummer\Save Scummer.csproj", "{3DA74FA9-036D-4317-8F4B-9421ACE517E3}"
EndProject
Global
	GlobalSection(SolutionConfigurationPlatforms) = preSolution
		Debug|Any CPU = Debug|Any CPU
		Release|Any CPU = Release|Any CPU
	EndGlobalSection
	GlobalSection(ProjectConfigurationPlatforms) = postSolution
		{3DA74FA9-036D-4317-8F4B-9421ACE517E3}.Debug|Any CPU.ActiveCfg = Debug|Any CPU
		{3DA74FA9-036D-4317-8F4B-9421ACE517E3}.Debug|Any CPU.Build.0 = Debug|Any CPU
		{3DA74FA9-036D-4317-8F4B-9421ACE517E3}.Release|Any CPU.ActiveCfg = Release|Any CPU
		{3DA74FA9-036D-4317-8F4B-9421ACE517E3}.Release|Any CPU.Build.0 = Release|Any CPU
	EndGlobalSection
	GlobalSection(SolutionProperties) = preSolution
		HideSolutionNode = FALSE
	EndGlobalSection
	GlobalSection(ExtensibilityGlobals) = postSolution
		SolutionGuid = {FD155B4F-C721-4239-9A69-12E0AE3E74FB}
	EndGlobalSection
EndGlobal
